
Microsoft Visual Studio Solution File, Format Version 12.00
# Visual Studio Version 17
VisualStudioVersion = 17.3.32901.215
MinimumVisualStudioVersion = 10.0.40219.1
Project("{9A19103F-16F7-4668-BE54-9A1E7A4F7556}") = "weatherapi", "weatherapi\weatherapi.csproj", "{9D922240-71C7-4DF3-B656-F0E604B1FDAF}"
EndProject
Project("{A07B5EB6-E848-4116-A8D0-A826331D98C6}") = "ratelimitersf", "ratelimitersf\ratelimitersf.sfproj", "{9441EB7A-73EC-4D51-881E-93554346A424}"
EndProject
Project("{2150E333-8FDC-42A3-9474-1A3956D46DE8}") = "envoy", "envoy", "{0708B1FB-F5D4-4577-B212-B11B7DE85EF2}"
	ProjectSection(SolutionItems) = preProject
		envoy\Dockerfile = envoy\Dockerfile
		envoy\envoy_http_passthrough.yaml = envoy\envoy_http_passthrough.yaml
	EndProjectSection
EndProject
Global
	GlobalSection(SolutionConfigurationPlatforms) = preSolution
		Debug|Any CPU = Debug|Any CPU
		Debug|x64 = Debug|x64
		Release|Any CPU = Release|Any CPU
		Release|x64 = Release|x64
	EndGlobalSection
	GlobalSection(ProjectConfigurationPlatforms) = postSolution
		{9D922240-71C7-4DF3-B656-F0E604B1FDAF}.Debug|Any CPU.ActiveCfg = Debug|Any CPU
		{9D922240-71C7-4DF3-B656-F0E604B1FDAF}.Debug|Any CPU.Build.0 = Debug|Any CPU
		{9D922240-71C7-4DF3-B656-F0E604B1FDAF}.Debug|x64.ActiveCfg = Debug|Any CPU
		{9D922240-71C7-4DF3-B656-F0E604B1FDAF}.Debug|x64.Build.0 = Debug|Any CPU
		{9D922240-71C7-4DF3-B656-F0E604B1FDAF}.Release|Any CPU.ActiveCfg = Release|Any CPU
		{9D922240-71C7-4DF3-B656-F0E604B1FDAF}.Release|Any CPU.Build.0 = Release|Any CPU
		{9D922240-71C7-4DF3-B656-F0E604B1FDAF}.Release|x64.ActiveCfg = Release|Any CPU
		{9D922240-71C7-4DF3-B656-F0E604B1FDAF}.Release|x64.Build.0 = Release|Any CPU
		{9441EB7A-73EC-4D51-881E-93554346A424}.Debug|Any CPU.ActiveCfg = Debug|x64
		{9441EB7A-73EC-4D51-881E-93554346A424}.Debug|Any CPU.Build.0 = Debug|x64
		{9441EB7A-73EC-4D51-881E-93554346A424}.Debug|Any CPU.Deploy.0 = Debug|x64
		{9441EB7A-73EC-4D51-881E-93554346A424}.Debug|x64.ActiveCfg = Debug|x64
		{9441EB7A-73EC-4D51-881E-93554346A424}.Debug|x64.Build.0 = Debug|x64
		{9441EB7A-73EC-4D51-881E-93554346A424}.Debug|x64.Deploy.0 = Debug|x64
		{9441EB7A-73EC-4D51-881E-93554346A424}.Release|Any CPU.ActiveCfg = Release|x64
		{9441EB7A-73EC-4D51-881E-93554346A424}.Release|Any CPU.Build.0 = Release|x64
		{9441EB7A-73EC-4D51-881E-93554346A424}.Release|Any CPU.Deploy.0 = Release|x64
		{9441EB7A-73EC-4D51-881E-93554346A424}.Release|x64.ActiveCfg = Release|x64
		{9441EB7A-73EC-4D51-881E-93554346A424}.Release|x64.Build.0 = Release|x64
		{9441EB7A-73EC-4D51-881E-93554346A424}.Release|x64.Deploy.0 = Release|x64
	EndGlobalSection
	GlobalSection(SolutionProperties) = preSolution
		HideSolutionNode = FALSE
	EndGlobalSection
	GlobalSection(ExtensibilityGlobals) = postSolution
		SolutionGuid = {AC205EBE-16B1-4C16-B17C-2EB56EC1102E}
	EndGlobalSection
EndGlobal
